
Microsoft Visual Studio Solution File, Format Version 12.00
# Visual Studio 15
VisualStudioVersion = 15.0.26730.16
MinimumVisualStudioVersion = 10.0.40219.1
Project("{FAE04EC0-301F-11D3-BF4B-00C04F79EFBC}") = "CustomReviewModule.Web", "CustomReviewModule.Web\CustomReviewModule.Web.csproj", "{A6925DFE-E99E-4486-8867-1AED5B17FDD1}"
EndProject
Project("{FAE04EC0-301F-11D3-BF4B-00C04F79EFBC}") = "CustomReviewModule.Data", "CustomReviewModule.Data\CustomReviewModule.Data.csproj", "{7BC0BB3D-8431-470C-B35C-FA4AA5832D90}"
EndProject
Project("{FAE04EC0-301F-11D3-BF4B-00C04F79EFBC}") = "CustomReviewModule.Test", "CustomReviewModule.Test\CustomReviewModule.Test.csproj", "{CAF46100-B708-4BF2-A938-F1827CA5A828}"
EndProject
Global
	GlobalSection(SolutionConfigurationPlatforms) = preSolution
		Debug|Any CPU = Debug|Any CPU
		Release|Any CPU = Release|Any CPU
	EndGlobalSection
	GlobalSection(ProjectConfigurationPlatforms) = postSolution
		{A6925DFE-E99E-4486-8867-1AED5B17FDD1}.Debug|Any CPU.ActiveCfg = Debug|Any CPU
		{A6925DFE-E99E-4486-8867-1AED5B17FDD1}.Debug|Any CPU.Build.0 = Debug|Any CPU
		{A6925DFE-E99E-4486-8867-1AED5B17FDD1}.Release|Any CPU.ActiveCfg = Release|Any CPU
		{A6925DFE-E99E-4486-8867-1AED5B17FDD1}.Release|Any CPU.Build.0 = Release|Any CPU
		{7BC0BB3D-8431-470C-B35C-FA4AA5832D90}.Debug|Any CPU.ActiveCfg = Debug|Any CPU
		{7BC0BB3D-8431-470C-B35C-FA4AA5832D90}.Debug|Any CPU.Build.0 = Debug|Any CPU
		{7BC0BB3D-8431-470C-B35C-FA4AA5832D90}.Release|Any CPU.ActiveCfg = Release|Any CPU
		{7BC0BB3D-8431-470C-B35C-FA4AA5832D90}.Release|Any CPU.Build.0 = Release|Any CPU
		{CAF46100-B708-4BF2-A938-F1827CA5A828}.Debug|Any CPU.ActiveCfg = Debug|Any CPU
		{CAF46100-B708-4BF2-A938-F1827CA5A828}.Debug|Any CPU.Build.0 = Debug|Any CPU
		{CAF46100-B708-4BF2-A938-F1827CA5A828}.Release|Any CPU.ActiveCfg = Release|Any CPU
		{CAF46100-B708-4BF2-A938-F1827CA5A828}.Release|Any CPU.Build.0 = Release|Any CPU
	EndGlobalSection
	GlobalSection(SolutionProperties) = preSolution
		HideSolutionNode = FALSE
	EndGlobalSection
	GlobalSection(ExtensibilityGlobals) = postSolution
		SolutionGuid = {3A685E5F-C27D-4ABC-8D79-3F1B55C6C6DD}
	EndGlobalSection
EndGlobal
